
Microsoft Visual Studio Solution File, Format Version 12.00
Project("{2150E333-8FDC-42A3-9474-1A3956D46DE8}") = "src", "src", "{E2FDAD40-B345-4A0A-AD13-0A3475076FEB}"
EndProject
Project("{2150E333-8FDC-42A3-9474-1A3956D46DE8}") = "Backend", "Backend", "{9961429A-A2AE-4098-BFB3-5126628EA760}"
EndProject
Project("{2150E333-8FDC-42A3-9474-1A3956D46DE8}") = "Services", "Services", "{89BA2004-DDA6-49BA-89D7-D5D6C06E85F7}"
EndProject
Project("{2150E333-8FDC-42A3-9474-1A3956D46DE8}") = "Users", "Users", "{3EC5ECB3-4942-44F4-8C0F-C5E0D683D564}"
EndProject
Project("{FAE04EC0-301F-11D3-BF4B-00C04F79EFBC}") = "Users.Business", "src\Backend\Services\Users\Users.Business\Users.Business.csproj", "{EE7A32BB-4942-4670-9A14-EAC1ABFE81C8}"
EndProject
Project("{FAE04EC0-301F-11D3-BF4B-00C04F79EFBC}") = "Users.DataAccess", "src\Backend\Services\Users\Users.DataAccess\Users.DataAccess.csproj", "{2FFBC82E-BECD-44C6-8CA4-11CC91BD4291}"
EndProject
Project("{FAE04EC0-301F-11D3-BF4B-00C04F79EFBC}") = "Users.Presentation", "src\Backend\Services\Users\Users.Presentation\Users.Presentation.csproj", "{C7DAE406-05FE-434C-9EA5-803B885DC42E}"
EndProject
Project("{2150E333-8FDC-42A3-9474-1A3956D46DE8}") = "Polls", "Polls", "{56FDEEC0-CF81-4656-853E-698D2983B049}"
EndProject
Project("{FAE04EC0-301F-11D3-BF4B-00C04F79EFBC}") = "Polls.API", "src\Backend\Services\Polls\Polls.API\Polls.API.csproj", "{C879A540-7AFF-48F3-B1E4-F8D8A1AB793D}"
EndProject
Project("{FAE04EC0-301F-11D3-BF4B-00C04F79EFBC}") = "Polls.Application", "src\Backend\Services\Polls\Polls.Application\Polls.Application.csproj", "{9529377A-2EF8-43BA-BAEB-3893D39B155D}"
EndProject
Project("{FAE04EC0-301F-11D3-BF4B-00C04F79EFBC}") = "Polls.Domain", "src\Backend\Services\Polls\Polls.Domain\Polls.Domain.csproj", "{8EBD669F-4B06-4847-A51D-7C959585DC41}"
EndProject
Project("{FAE04EC0-301F-11D3-BF4B-00C04F79EFBC}") = "Polls.Infrastructure", "src\Backend\Services\Polls\Polls.Infrastructure\Polls.Infrastructure.csproj", "{B67A7336-4F4E-409D-AAD9-8B046B09E003}"
EndProject
Global
	GlobalSection(SolutionConfigurationPlatforms) = preSolution
		Debug|Any CPU = Debug|Any CPU
		Release|Any CPU = Release|Any CPU
	EndGlobalSection
	GlobalSection(NestedProjects) = preSolution
		{9961429A-A2AE-4098-BFB3-5126628EA760} = {E2FDAD40-B345-4A0A-AD13-0A3475076FEB}
		{89BA2004-DDA6-49BA-89D7-D5D6C06E85F7} = {9961429A-A2AE-4098-BFB3-5126628EA760}
		{3EC5ECB3-4942-44F4-8C0F-C5E0D683D564} = {89BA2004-DDA6-49BA-89D7-D5D6C06E85F7}
		{EE7A32BB-4942-4670-9A14-EAC1ABFE81C8} = {3EC5ECB3-4942-44F4-8C0F-C5E0D683D564}
		{2FFBC82E-BECD-44C6-8CA4-11CC91BD4291} = {3EC5ECB3-4942-44F4-8C0F-C5E0D683D564}
		{C7DAE406-05FE-434C-9EA5-803B885DC42E} = {3EC5ECB3-4942-44F4-8C0F-C5E0D683D564}
		{56FDEEC0-CF81-4656-853E-698D2983B049} = {89BA2004-DDA6-49BA-89D7-D5D6C06E85F7}
		{C879A540-7AFF-48F3-B1E4-F8D8A1AB793D} = {56FDEEC0-CF81-4656-853E-698D2983B049}
		{9529377A-2EF8-43BA-BAEB-3893D39B155D} = {56FDEEC0-CF81-4656-853E-698D2983B049}
		{8EBD669F-4B06-4847-A51D-7C959585DC41} = {56FDEEC0-CF81-4656-853E-698D2983B049}
		{B67A7336-4F4E-409D-AAD9-8B046B09E003} = {56FDEEC0-CF81-4656-853E-698D2983B049}
	EndGlobalSection
	GlobalSection(ProjectConfigurationPlatforms) = postSolution
		{EE7A32BB-4942-4670-9A14-EAC1ABFE81C8}.Debug|Any CPU.ActiveCfg = Debug|Any CPU
		{EE7A32BB-4942-4670-9A14-EAC1ABFE81C8}.Debug|Any CPU.Build.0 = Debug|Any CPU
		{EE7A32BB-4942-4670-9A14-EAC1ABFE81C8}.Release|Any CPU.ActiveCfg = Release|Any CPU
		{EE7A32BB-4942-4670-9A14-EAC1ABFE81C8}.Release|Any CPU.Build.0 = Release|Any CPU
		{2FFBC82E-BECD-44C6-8CA4-11CC91BD4291}.Debug|Any CPU.ActiveCfg = Debug|Any CPU
		{2FFBC82E-BECD-44C6-8CA4-11CC91BD4291}.Debug|Any CPU.Build.0 = Debug|Any CPU
		{2FFBC82E-BECD-44C6-8CA4-11CC91BD4291}.Release|Any CPU.ActiveCfg = Release|Any CPU
		{2FFBC82E-BECD-44C6-8CA4-11CC91BD4291}.Release|Any CPU.Build.0 = Release|Any CPU
		{C7DAE406-05FE-434C-9EA5-803B885DC42E}.Debug|Any CPU.ActiveCfg = Debug|Any CPU
		{C7DAE406-05FE-434C-9EA5-803B885DC42E}.Debug|Any CPU.Build.0 = Debug|Any CPU
		{C7DAE406-05FE-434C-9EA5-803B885DC42E}.Release|Any CPU.ActiveCfg = Release|Any CPU
		{C7DAE406-05FE-434C-9EA5-803B885DC42E}.Release|Any CPU.Build.0 = Release|Any CPU
		{C879A540-7AFF-48F3-B1E4-F8D8A1AB793D}.Debug|Any CPU.ActiveCfg = Debug|Any CPU
		{C879A540-7AFF-48F3-B1E4-F8D8A1AB793D}.Debug|Any CPU.Build.0 = Debug|Any CPU
		{C879A540-7AFF-48F3-B1E4-F8D8A1AB793D}.Release|Any CPU.ActiveCfg = Release|Any CPU
		{C879A540-7AFF-48F3-B1E4-F8D8A1AB793D}.Release|Any CPU.Build.0 = Release|Any CPU
		{9529377A-2EF8-43BA-BAEB-3893D39B155D}.Debug|Any CPU.ActiveCfg = Debug|Any CPU
		{9529377A-2EF8-43BA-BAEB-3893D39B155D}.Debug|Any CPU.Build.0 = Debug|Any CPU
		{9529377A-2EF8-43BA-BAEB-3893D39B155D}.Release|Any CPU.ActiveCfg = Release|Any CPU
		{9529377A-2EF8-43BA-BAEB-3893D39B155D}.Release|Any CPU.Build.0 = Release|Any CPU
		{8EBD669F-4B06-4847-A51D-7C959585DC41}.Debug|Any CPU.ActiveCfg = Debug|Any CPU
		{8EBD669F-4B06-4847-A51D-7C959585DC41}.Debug|Any CPU.Build.0 = Debug|Any CPU
		{8EBD669F-4B06-4847-A51D-7C959585DC41}.Release|Any CPU.ActiveCfg = Release|Any CPU
		{8EBD669F-4B06-4847-A51D-7C959585DC41}.Release|Any CPU.Build.0 = Release|Any CPU
		{B67A7336-4F4E-409D-AAD9-8B046B09E003}.Debug|Any CPU.ActiveCfg = Debug|Any CPU
		{B67A7336-4F4E-409D-AAD9-8B046B09E003}.Debug|Any CPU.Build.0 = Debug|Any CPU
		{B67A7336-4F4E-409D-AAD9-8B046B09E003}.Release|Any CPU.ActiveCfg = Release|Any CPU
		{B67A7336-4F4E-409D-AAD9-8B046B09E003}.Release|Any CPU.Build.0 = Release|Any CPU
	EndGlobalSection
EndGlobal
